
Microsoft Visual Studio Solution File, Format Version 12.00
# Visual Studio Version 17
VisualStudioVersion = 17.8.34330.188
MinimumVisualStudioVersion = 10.0.40219.1
Project("{FAE04EC0-301F-11D3-BF4B-00C04F79EFBC}") = "SerializationLab", "SerializationLab.csproj", "{2B235D83-496F-43F5-832D-56EF07DB5E19}"
EndProject
Global
	GlobalSection(SolutionConfigurationPlatforms) = preSolution
		Debug|Any CPU = Debug|Any CPU
		Release|Any CPU = Release|Any CPU
	EndGlobalSection
	GlobalSection(ProjectConfigurationPlatforms) = postSolution
		{2B235D83-496F-43F5-832D-56EF07DB5E19}.Debug|Any CPU.ActiveCfg = Debug|Any CPU
		{2B235D83-496F-43F5-832D-56EF07DB5E19}.Debug|Any CPU.Build.0 = Debug|Any CPU
		{2B235D83-496F-43F5-832D-56EF07DB5E19}.Release|Any CPU.ActiveCfg = Release|Any CPU
		{2B235D83-496F-43F5-832D-56EF07DB5E19}.Release|Any CPU.Build.0 = Release|Any CPU
	EndGlobalSection
	GlobalSection(SolutionProperties) = preSolution
		HideSolutionNode = FALSE
	EndGlobalSection
	GlobalSection(ExtensibilityGlobals) = postSolution
		SolutionGuid = {AAB8FAD6-C86E-4D51-BC47-6012BAA6D50B}
	EndGlobalSection
EndGlobal
